
Microsoft Visual Studio Solution File, Format Version 12.00
# Visual Studio Version 17
VisualStudioVersion = 17.5.33627.172
MinimumVisualStudioVersion = 10.0.40219.1
Project("{FAE04EC0-301F-11D3-BF4B-00C04F79EFBC}") = "Yapıkredi3", "Yapıkredi3\Yapıkredi3.csproj", "{DB9C249F-4352-4015-9C07-D9B0344A3CA9}"
EndProject
Global
	GlobalSection(SolutionConfigurationPlatforms) = preSolution
		Debug|Any CPU = Debug|Any CPU
		Release|Any CPU = Release|Any CPU
	EndGlobalSection
	GlobalSection(ProjectConfigurationPlatforms) = postSolution
		{DB9C249F-4352-4015-9C07-D9B0344A3CA9}.Debug|Any CPU.ActiveCfg = Debug|Any CPU
		{DB9C249F-4352-4015-9C07-D9B0344A3CA9}.Debug|Any CPU.Build.0 = Debug|Any CPU
		{DB9C249F-4352-4015-9C07-D9B0344A3CA9}.Release|Any CPU.ActiveCfg = Release|Any CPU
		{DB9C249F-4352-4015-9C07-D9B0344A3CA9}.Release|Any CPU.Build.0 = Release|Any CPU
	EndGlobalSection
	GlobalSection(SolutionProperties) = preSolution
		HideSolutionNode = FALSE
	EndGlobalSection
	GlobalSection(ExtensibilityGlobals) = postSolution
		SolutionGuid = {020F3880-EC79-41F6-93FA-B866BE513C47}
	EndGlobalSection
EndGlobal
