
Microsoft Visual Studio Solution File, Format Version 12.00
# Visual Studio Version 17
VisualStudioVersion = 17.4.33103.184
MinimumVisualStudioVersion = 10.0.40219.1
Project("{FAE04EC0-301F-11D3-BF4B-00C04F79EFBC}") = "Konsol", "Konsol\Konsol.csproj", "{EAB98503-C444-4737-BA0C-24EA6E9A93BE}"
EndProject
Global
	GlobalSection(SolutionConfigurationPlatforms) = preSolution
		Debug|Any CPU = Debug|Any CPU
		Release|Any CPU = Release|Any CPU
	EndGlobalSection
	GlobalSection(ProjectConfigurationPlatforms) = postSolution
		{EAB98503-C444-4737-BA0C-24EA6E9A93BE}.Debug|Any CPU.ActiveCfg = Debug|Any CPU
		{EAB98503-C444-4737-BA0C-24EA6E9A93BE}.Debug|Any CPU.Build.0 = Debug|Any CPU
		{EAB98503-C444-4737-BA0C-24EA6E9A93BE}.Release|Any CPU.ActiveCfg = Release|Any CPU
		{EAB98503-C444-4737-BA0C-24EA6E9A93BE}.Release|Any CPU.Build.0 = Release|Any CPU
	EndGlobalSection
	GlobalSection(SolutionProperties) = preSolution
		HideSolutionNode = FALSE
	EndGlobalSection
	GlobalSection(ExtensibilityGlobals) = postSolution
		SolutionGuid = {3D9E61B7-7014-4027-9BE1-189732CAF972}
	EndGlobalSection
EndGlobal
