
Microsoft Visual Studio Solution File, Format Version 12.00
# Visual Studio Version 17
VisualStudioVersion = 17.4.33403.182
MinimumVisualStudioVersion = 10.0.40219.1
Project("{FAE04EC0-301F-11D3-BF4B-00C04F79EFBC}") = "ItemApi", "ItemApi\ItemApi.csproj", "{0A60168B-CC9C-4EEF-A886-7617F5D3C230}"
EndProject
Global
	GlobalSection(SolutionConfigurationPlatforms) = preSolution
		Debug|Any CPU = Debug|Any CPU
		Release|Any CPU = Release|Any CPU
	EndGlobalSection
	GlobalSection(ProjectConfigurationPlatforms) = postSolution
		{0A60168B-CC9C-4EEF-A886-7617F5D3C230}.Debug|Any CPU.ActiveCfg = Debug|Any CPU
		{0A60168B-CC9C-4EEF-A886-7617F5D3C230}.Debug|Any CPU.Build.0 = Debug|Any CPU
		{0A60168B-CC9C-4EEF-A886-7617F5D3C230}.Release|Any CPU.ActiveCfg = Release|Any CPU
		{0A60168B-CC9C-4EEF-A886-7617F5D3C230}.Release|Any CPU.Build.0 = Release|Any CPU
	EndGlobalSection
	GlobalSection(SolutionProperties) = preSolution
		HideSolutionNode = FALSE
	EndGlobalSection
	GlobalSection(ExtensibilityGlobals) = postSolution
		SolutionGuid = {2E7CC232-3EAB-4279-A5D4-5F6D8854971D}
	EndGlobalSection
EndGlobal
