
Microsoft Visual Studio Solution File, Format Version 12.00
# Visual Studio Version 17
VisualStudioVersion = 17.5.33627.172
MinimumVisualStudioVersion = 10.0.40219.1
Project("{FAE04EC0-301F-11D3-BF4B-00C04F79EFBC}") = "YapıKredi1", "YapıKredi1\YapıKredi1.csproj", "{AB124C2C-9BF6-42DC-BBB6-7283149FC817}"
EndProject
Global
	GlobalSection(SolutionConfigurationPlatforms) = preSolution
		Debug|Any CPU = Debug|Any CPU
		Release|Any CPU = Release|Any CPU
	EndGlobalSection
	GlobalSection(ProjectConfigurationPlatforms) = postSolution
		{AB124C2C-9BF6-42DC-BBB6-7283149FC817}.Debug|Any CPU.ActiveCfg = Debug|Any CPU
		{AB124C2C-9BF6-42DC-BBB6-7283149FC817}.Debug|Any CPU.Build.0 = Debug|Any CPU
		{AB124C2C-9BF6-42DC-BBB6-7283149FC817}.Release|Any CPU.ActiveCfg = Release|Any CPU
		{AB124C2C-9BF6-42DC-BBB6-7283149FC817}.Release|Any CPU.Build.0 = Release|Any CPU
	EndGlobalSection
	GlobalSection(SolutionProperties) = preSolution
		HideSolutionNode = FALSE
	EndGlobalSection
	GlobalSection(ExtensibilityGlobals) = postSolution
		SolutionGuid = {E08CCD87-5823-4685-B880-EF6F9A0F763D}
	EndGlobalSection
EndGlobal
