
Microsoft Visual Studio Solution File, Format Version 12.00
# Visual Studio Version 17
VisualStudioVersion = 17.4.33403.182
MinimumVisualStudioVersion = 10.0.40219.1
Project("{FAE04EC0-301F-11D3-BF4B-00C04F79EFBC}") = "RestClientTest", "RestClientTest\RestClientTest.csproj", "{A18D25C1-3345-47A8-BDB7-1F9184419DB6}"
EndProject
Global
	GlobalSection(SolutionConfigurationPlatforms) = preSolution
		Debug|Any CPU = Debug|Any CPU
		Release|Any CPU = Release|Any CPU
	EndGlobalSection
	GlobalSection(ProjectConfigurationPlatforms) = postSolution
		{A18D25C1-3345-47A8-BDB7-1F9184419DB6}.Debug|Any CPU.ActiveCfg = Debug|Any CPU
		{A18D25C1-3345-47A8-BDB7-1F9184419DB6}.Debug|Any CPU.Build.0 = Debug|Any CPU
		{A18D25C1-3345-47A8-BDB7-1F9184419DB6}.Release|Any CPU.ActiveCfg = Release|Any CPU
		{A18D25C1-3345-47A8-BDB7-1F9184419DB6}.Release|Any CPU.Build.0 = Release|Any CPU
	EndGlobalSection
	GlobalSection(SolutionProperties) = preSolution
		HideSolutionNode = FALSE
	EndGlobalSection
	GlobalSection(ExtensibilityGlobals) = postSolution
		SolutionGuid = {3358221F-D96D-423A-B724-05E7DF70855F}
	EndGlobalSection
EndGlobal
